
Microsoft Visual Studio Solution File, Format Version 12.00
# Visual Studio Version 17
VisualStudioVersion = 17.11.35222.181
MinimumVisualStudioVersion = 10.0.40219.1
Project("{FAE04EC0-301F-11D3-BF4B-00C04F79EFBC}") = "Cal_cienti", "Cal_cienti\Cal_cienti.csproj", "{4D3EDC32-5478-48B6-9EEE-81E7879D6B42}"
EndProject
Global
	GlobalSection(SolutionConfigurationPlatforms) = preSolution
		Debug|Any CPU = Debug|Any CPU
		Release|Any CPU = Release|Any CPU
	EndGlobalSection
	GlobalSection(ProjectConfigurationPlatforms) = postSolution
		{4D3EDC32-5478-48B6-9EEE-81E7879D6B42}.Debug|Any CPU.ActiveCfg = Debug|Any CPU
		{4D3EDC32-5478-48B6-9EEE-81E7879D6B42}.Debug|Any CPU.Build.0 = Debug|Any CPU
		{4D3EDC32-5478-48B6-9EEE-81E7879D6B42}.Release|Any CPU.ActiveCfg = Release|Any CPU
		{4D3EDC32-5478-48B6-9EEE-81E7879D6B42}.Release|Any CPU.Build.0 = Release|Any CPU
	EndGlobalSection
	GlobalSection(SolutionProperties) = preSolution
		HideSolutionNode = FALSE
	EndGlobalSection
	GlobalSection(ExtensibilityGlobals) = postSolution
		SolutionGuid = {52DBDD00-2BD2-444D-B41C-3B465C8C0700}
	EndGlobalSection
EndGlobal
